<?xml version="1.0" encoding="UTF-8"?>
<Scheme
   LastUpgradeVersion = "1010"
   version = "1.3">
   <BuildAction
      parallelizeBuildables = "YES"
      buildImplicitDependencies = "YES">
      <BuildActionEntries>
         <BuildActionEntry
            buildForTesting = "YES"
            buildForRunning = "YES"
            buildForProfiling = "YES"
            buildForArchiving = "YES"
            buildForAnalyzing = "YES">
            <BuildableReference
               BuildableIdentifier = "primary"
               BlueprintIdentifier = "F78AE64621C9B74500681E81"
               BuildableName = "Code Test Oluwatoni Fuwape.app"
               BlueprintName = "Code Test Oluwatoni Fuwape"
               ReferencedContainer = "container:Code Test Oluwatoni Fuwape.xcodeproj">
            </BuildableReference>
         </BuildActionEntry>
      </BuildActionEntries>
   </BuildAction>
   <TestAction
      buildConfiguration = "Debug"
      selectedDebuggerIdentifier = "Xcode.DebuggerFoundation.Debugger.LLDB"
      selectedLauncherIdentifier = "Xcode.DebuggerFoundation.Launcher.LLDB"
      codeCoverageEnabled = "YES"
      shouldUseLaunchSchemeArgsEnv = "YES">
      <Testables>
         <TestableReference
            skipped = "NO">
            <BuildableReference
               BuildableIdentifier = "primary"
               BlueprintIdentifier = "F78AE65A21C9B74900681E81"
               BuildableName = "Code Test Oluwatoni FuwapeTests.xctest"
               BlueprintName = "Code Test Oluwatoni FuwapeTests"
               ReferencedContainer = "container:Code Test Oluwatoni Fuwape.xcodeproj">
            </BuildableReference>
         </TestableReference>
         <TestableReference
            skipped = "NO">
            <BuildableReference
               BuildableIdentifier = "primary"
               BlueprintIdentifier = "F78AE66521C9B74900681E81"
               BuildableName = "Code Test Oluwatoni FuwapeUITests.xctest"
               BlueprintName = "Code Test Oluwatoni FuwapeUITests"
               ReferencedContainer = "container:Code Test Oluwatoni Fuwape.xcodeproj">
            </BuildableReference>
         </TestableReference>
      </Testables>
      <MacroExpansion>
         <BuildableReference
            BuildableIdentifier = "primary"
            BlueprintIdentifier = "F78AE64621C9B74500681E81"
            BuildableName = "Code Test Oluwatoni Fuwape.app"
            BlueprintName = "Code Test Oluwatoni Fuwape"
            ReferencedContainer = "container:Code Test Oluwatoni Fuwape.xcodeproj">
         </BuildableReference>
      </MacroExpansion>
      <AdditionalOptions>
      </AdditionalOptions>
   </TestAction>
   <LaunchAction
      buildConfiguration = "Debug"
      selectedDebuggerIdentifier = "Xcode.DebuggerFoundation.Debugger.LLDB"
      selectedLauncherIdentifier = "Xcode.DebuggerFoundation.Launcher.LLDB"
      launchStyle = "0"
      useCustomWorkingDirectory = "NO"
      ignoresPersistentStateOnLaunch = "NO"
      debugDocumentVersioning = "YES"
      debugServiceExtension = "internal"
      allowLocationSimulation = "YES">
      <BuildableProductRunnable
         runnableDebuggingMode = "0">
         <BuildableReference
            BuildableIdentifier = "primary"
            BlueprintIdentifier = "F78AE64621C9B74500681E81"
            BuildableName = "Code Test Oluwatoni Fuwape.app"
            BlueprintName = "Code Test Oluwatoni Fuwape"
            ReferencedContainer = "container:Code Test Oluwatoni Fuwape.xcodeproj">
         </BuildableReference>
      </BuildableProductRunnable>
      <AdditionalOptions>
      </AdditionalOptions>
   </LaunchAction>
   <ProfileAction
      buildConfiguration = "Release"
      shouldUseLaunchSchemeArgsEnv = "YES"
      savedToolIdentifier = ""
      useCustomWorkingDirectory = "NO"
      debugDocumentVersioning = "YES">
      <BuildableProductRunnable
         runnableDebuggingMode = "0">
         <BuildableReference
            BuildableIdentifier = "primary"
            BlueprintIdentifier = "F78AE64621C9B74500681E81"
            BuildableName = "Code Test Oluwatoni Fuwape.app"
            BlueprintName = "Code Test Oluwatoni Fuwape"
            ReferencedContainer = "container:Code Test Oluwatoni Fuwape.xcodeproj">
         </BuildableReference>
      </BuildableProductRunnable>
   </ProfileAction>
   <AnalyzeAction
      buildConfiguration = "Debug">
   </AnalyzeAction>
   <ArchiveAction
      buildConfiguration = "Release"
      revealArchiveInOrganizer = "YES">
   </ArchiveAction>
</Scheme>
